// !$*UTF8*$!
{
	archiveVersion = 1;
	classes = {
	};
	objectVersion = 46;
	objects = {

/* Begin PBXBuildFile section */
		E320B8301AF89DB400C38F18 /* main.m in Sources */ = {isa = PBXBuildFile; fileRef = E320B82F1AF89DB400C38F18 /* main.m */; };
		E320B8331AF89DB400C38F18 /* AppDelegate.m in Sources */ = {isa = PBXBuildFile; fileRef = E320B8321AF89DB400C38F18 /* AppDelegate.m */; };
		E320B8361AF89DB400C38F18 /* ViewController.m in Sources */ = {isa = PBXBuildFile; fileRef = E320B8351AF89DB400C38F18 /* ViewController.m */; };
		E320B8391AF89DB400C38F18 /* Main.storyboard in Resources */ = {isa = PBXBuildFile; fileRef = E320B8371AF89DB400C38F18 /* Main.storyboard */; };
		E320B83B1AF89DB400C38F18 /* Images.xcassets in Resources */ = {isa = PBXBuildFile; fileRef = E320B83A1AF89DB400C38F18 /* Images.xcassets */; };
		E320B83E1AF89DB400C38F18 /* LaunchScreen.xib in Resources */ = {isa = PBXBuildFile; fileRef = E320B83C1AF89DB400C38F18 /* LaunchScreen.xib */; };
		E320B84A1AF89DB400C38F18 /* FirstRepoDemoTests.m in Sources */ = {isa = PBXBuildFile; fileRef = E320B8491AF89DB400C38F18 /* FirstRepoDemoTests.m */; };
/* End PBXBuildFile section */

/* Begin PBXContainerItemProxy section */
		E320B8441AF89DB400C38F18 /* PBXContainerItemProxy */ = {
			isa = PBXContainerItemProxy;
			containerPortal = E320B8221AF89DB400C38F18 /* Project object */;
			proxyType = 1;
			remoteGlobalIDString = E320B8291AF89DB400C38F18;
			remoteInfo = FirstRepoDemo;
		};
/* End PBXContainerItemProxy section */

/* Begin PBXFileReference section */
		E320B82A1AF89DB400C38F18 /* FirstRepoDemo.app */ = {isa = PBXFileReference; explicitFileType = wrapper.application; includeInIndex = 0; path = FirstRepoDemo.app; sourceTree = BUILT_PRODUCTS_DIR; };
		E320B82E1AF89DB400C38F18 /* Info.plist */ = {isa = PBXFileReference; lastKnownFileType = text.plist.xml; path = Info.plist; sourceTree = "<group>"; };
		E320B82F1AF89DB400C38F18 /* main.m */ = {isa = PBXFileReference; lastKnownFileType = sourcecode.c.objc; path = main.m; sourceTree = "<group>"; };
		E320B8311AF89DB400C38F18 /* AppDelegate.h */ = {isa = PBXFileReference; lastKnownFileType = sourcecode.c.h; path = AppDelegate.h; sourceTree = "<group>"; };
		E320B8321AF89DB400C38F18 /* AppDelegate.m */ = {isa = PBXFileReference; lastKnownFileType = sourcecode.c.objc; path = AppDelegate.m; sourceTree = "<group>"; };
		E320B8341AF89DB400C38F18 /* ViewController.h */ = {isa = PBXFileReference; lastKnownFileType = sourcecode.c.h; path = ViewController.h; sourceTree = "<group>"; };
		E320B8351AF89DB400C38F18 /* ViewController.m */ = {isa = PBXFileReference; lastKnownFileType = sourcecode.c.objc; path = ViewController.m; sourceTree = "<group>"; };
		E320B8381AF89DB400C38F18 /* Base */ = {isa = PBXFileReference; lastKnownFileType = file.storyboard; name = Base; path = Base.lproj/Main.storyboard; sourceTree = "<group>"; };
		E320B83A1AF89DB400C38F18 /* Images.xcassets */ = {isa = PBXFileReference; lastKnownFileType = folder.assetcatalog; path = Images.xcassets; sourceTree = "<group>"; };
		E320B83D1AF89DB400C38F18 /* Base */ = {isa = PBXFileReference; lastKnownFileType = file.xib; name = Base; path = Base.lproj/LaunchScreen.xib; sourceTree = "<group>"; };
		E320B8431AF89DB400C38F18 /* FirstRepoDemoTests.xctest */ = {isa = PBXFileReference; explicitFileType = wrapper.cfbundle; includeInIndex = 0; path = FirstRepoDemoTests.xctest; sourceTree = BUILT_PRODUCTS_DIR; };
		E320B8481AF89DB400C38F18 /* Info.plist */ = {isa = PBXFileReference; lastKnownFileType = text.plist.xml; path = Info.plist; sourceTree = "<group>"; };
		E320B8491AF89DB400C38F18 /* FirstRepoDemoTests.m */ = {isa = PBXFileReference; lastKnownFileType = sourcecode.c.objc; path = FirstRepoDemoTests.m; sourceTree = "<group>"; };
/* End PBXFileReference section */

/* Begin PBXFrameworksBuildPhase section */
		E320B8271AF89DB400C38F18 /* Frameworks */ = {
			isa = PBXFrameworksBuildPhase;
			buildActionMask = 2147483647;
			files = (
			);
			runOnlyForDeploymentPostprocessing = 0;
		};
		E320B8401AF89DB400C38F18 /* Frameworks */ = {
			isa = PBXFrameworksBuildPhase;
			buildActionMask = 2147483647;
			files = (
			);
			runOnlyForDeploymentPostprocessing = 0;
		};
/* End PBXFrameworksBuildPhase section */

/* Begin PBXGroup section */
		E320B8211AF89DB400C38F18 = {
			isa = PBXGroup;
			children = (
				E320B82C1AF89DB400C38F18 /* FirstRepoDemo */,
				E320B8461AF89DB400C38F18 /* FirstRepoDemoTests */,
				E320B82B1AF89DB400C38F18 /* Products */,
			);
			sourceTree = "<group>";
		};
		E320B82B1AF89DB400C38F18 /* Products */ = {
			isa = PBXGroup;
			children = (
				E320B82A1AF89DB400C38F18 /* FirstRepoDemo.app */,
				E320B8431AF89DB400C38F18 /* FirstRepoDemoTests.xctest */,
			);
			name = Products;
			sourceTree = "<group>";
		};
		E320B82C1AF89DB400C38F18 /* FirstRepoDemo */ = {
			isa = PBXGroup;
			children = (
				E320B8311AF89DB400C38F18 /* AppDelegate.h */,
				E320B8321AF89DB400C38F18 /* AppDelegate.m */,
				E320B8341AF89DB400C38F18 /* ViewController.h */,
				E320B8351AF89DB400C38F18 /* ViewController.m */,
				E320B8371AF89DB400C38F18 /* Main.storyboard */,
				E320B83A1AF89DB400C38F18 /* Images.xcassets */,
				E320B83C1AF89DB400C38F18 /* LaunchScreen.xib */,
				E320B82D1AF89DB400C38F18 /* Supporting Files */,
			);
			path = FirstRepoDemo;
			sourceTree = "<group>";
		};
		E320B82D1AF89DB400C38F18 /* Supporting Files */ = {
			isa = PBXGroup;
			children = (
				E320B82E1AF89DB400C38F18 /* Info.plist */,
				E320B82F1AF89DB400C38F18 /* main.m */,
			);
			name = "Supporting Files";
			sourceTree = "<group>";
		};
		E320B8461AF89DB400C38F18 /* FirstRepoDemoTests */ = {
			isa = PBXGroup;
			children = (
				E320B8491AF89DB400C38F18 /* FirstRepoDemoTests.m */,
				E320B8471AF89DB400C38F18 /* Supporting Files */,
			);
			path = FirstRepoDemoTests;
			sourceTree = "<group>";
		};
		E320B8471AF89DB400C38F18 /* Supporting Files */ = {
			isa = PBXGroup;
			children = (
				E320B8481AF89DB400C38F18 /* Info.plist */,
			);
			name = "Supporting Files";
			sourceTree = "<group>";
		};
/* End PBXGroup section */

/* Begin PBXNativeTarget section */
		E320B8291AF89DB400C38F18 /* FirstRepoDemo */ = {
			isa = PBXNativeTarget;
			buildConfigurationList = E320B84D1AF89DB400C38F18 /* Build configuration list for PBXNativeTarget "FirstRepoDemo" */;
			buildPhases = (
				E320B8261AF89DB400C38F18 /* Sources */,
				E320B8271AF89DB400C38F18 /* Frameworks */,
				E320B8281AF89DB400C38F18 /* Resources */,
			);
			buildRules = (
			);
			dependencies = (
			);
			name = FirstRepoDemo;
			productName = FirstRepoDemo;
			productReference = E320B82A1AF89DB400C38F18 /* FirstRepoDemo.app */;
			productType = "com.apple.product-type.application";
		};
		E320B8421AF89DB400C38F18 /* FirstRepoDemoTests */ = {
			isa = PBXNativeTarget;
			buildConfigurationList = E320B8501AF89DB400C38F18 /* Build configuration list for PBXNativeTarget "FirstRepoDemoTests" */;
			buildPhases = (
				E320B83F1AF89DB400C38F18 /* Sources */,
				E320B8401AF89DB400C38F18 /* Frameworks */,
				E320B8411AF89DB400C38F18 /* Resources */,
			);
			buildRules = (
			);
			dependencies = (
				E320B8451AF89DB400C38F18 /* PBXTargetDependency */,
			);
			name = FirstRepoDemoTests;
			productName = FirstRepoDemoTests;
			productReference = E320B8431AF89DB400C38F18 /* FirstRepoDemoTests.xctest */;
			productType = "com.apple.product-type.bundle.unit-test";
		};
/* End PBXNativeTarget section */

/* Begin PBXProject section */
		E320B8221AF89DB400C38F18 /* Project object */ = {
			isa = PBXProject;
			attributes = {
				LastUpgradeCheck = 0610;
				ORGANIZATIONNAME = "Wang Pengfei";
				TargetAttributes = {
					E320B8291AF89DB400C38F18 = {
						CreatedOnToolsVersion = 6.1.1;
					};
					E320B8421AF89DB400C38F18 = {
						CreatedOnToolsVersion = 6.1.1;
						TestTargetID = E320B8291AF89DB400C38F18;
					};
				};
			};
			buildConfigurationList = E320B8251AF89DB400C38F18 /* Build configuration list for PBXProject "FirstRepoDemo" */;
			compatibilityVersion = "Xcode 3.2";
			developmentRegion = English;
			hasScannedForEncodings = 0;
			knownRegions = (
				en,
				Base,
			);
			mainGroup = E320B8211AF89DB400C38F18;
			productRefGroup = E320B82B1AF89DB400C38F18 /* Products */;
			projectDirPath = "";
			projectRoot = "";
			targets = (
				E320B8291AF89DB400C38F18 /* FirstRepoDemo */,
				E320B8421AF89DB400C38F18 /* FirstRepoDemoTests */,
			);
		};
/* End PBXProject section */

/* Begin PBXResourcesBuildPhase section */
		E320B8281AF89DB400C38F18 /* Resources */ = {
			isa = PBXResourcesBuildPhase;
			buildActionMask = 2147483647;
			files = (
				E320B8391AF89DB400C38F18 /* Main.storyboard in Resources */,
				E320B83E1AF89DB400C38F18 /* LaunchScreen.xib in Resources */,
				E320B83B1AF89DB400C38F18 /* Images.xcassets in Resources */,
			);
			runOnlyForDeploymentPostprocessing = 0;
		};
		E320B8411AF89DB400C38F18 /* Resources */ = {
			isa = PBXResourcesBuildPhase;
			buildActionMask = 2147483647;
			files = (
			);
			runOnlyForDeploymentPostprocessing = 0;
		};
/* End PBXResourcesBuildPhase section */

/* Begin PBXSourcesBuildPhase section */
		E320B8261AF89DB400C38F18 /* Sources */ = {
			isa = PBXSourcesBuildPhase;
			buildActionMask = 2147483647;
			files = (
				E320B8361AF89DB400C38F18 /* ViewController.m in Sources */,
				E320B8331AF89DB400C38F18 /* AppDelegate.m in Sources */,
				E320B8301AF89DB400C38F18 /* main.m in Sources */,
			);
			runOnlyForDeploymentPostprocessing = 0;
		};
		E320B83F1AF89DB400C38F18 /* Sources */ = {
			isa = PBXSourcesBuildPhase;
			buildActionMask = 2147483647;
			files = (
				E320B84A1AF89DB400C38F18 /* FirstRepoDemoTests.m in Sources */,
			);
			runOnlyForDeploymentPostprocessing = 0;
		};
/* End PBXSourcesBuildPhase section */

/* Begin PBXTargetDependency section */
		E320B8451AF89DB400C38F18 /* PBXTargetDependency */ = {
			isa = PBXTargetDependency;
			target = E320B8291AF89DB400C38F18 /* FirstRepoDemo */;
			targetProxy = E320B8441AF89DB400C38F18 /* PBXContainerItemProxy */;
		};
/* End PBXTargetDependency section */

/* Begin PBXVariantGroup section */
		E320B8371AF89DB400C38F18 /* Main.storyboard */ = {
			isa = PBXVariantGroup;
			children = (
				E320B8381AF89DB400C38F18 /* Base */,
			);
			name = Main.storyboard;
			sourceTree = "<group>";
		};
		E320B83C1AF89DB400C38F18 /* LaunchScreen.xib */ = {
			isa = PBXVariantGroup;
			children = (
				E320B83D1AF89DB400C38F18 /* Base */,
			);
			name = LaunchScreen.xib;
			sourceTree = "<group>";
		};
/* End PBXVariantGroup section */

/* Begin XCBuildConfiguration section */
		E320B84B1AF89DB400C38F18 /* Debug */ = {
			isa = XCBuildConfiguration;
			buildSettings = {
				ALWAYS_SEARCH_USER_PATHS = NO;
				CLANG_CXX_LANGUAGE_STANDARD = "gnu++0x";
				CLANG_CXX_LIBRARY = "libc++";
				CLANG_ENABLE_MODULES = YES;
				CLANG_ENABLE_OBJC_ARC = YES;
				CLANG_WARN_BOOL_CONVERSION = YES;
				CLANG_WARN_CONSTANT_CONVERSION = YES;
				CLANG_WARN_DIRECT_OBJC_ISA_USAGE = YES_ERROR;
				CLANG_WARN_EMPTY_BODY = YES;
				CLANG_WARN_ENUM_CONVERSION = YES;
				CLANG_WARN_INT_CONVERSION = YES;
				CLANG_WARN_OBJC_ROOT_CLASS = YES_ERROR;
				CLANG_WARN_UNREACHABLE_CODE = YES;
				CLANG_WARN__DUPLICATE_METHOD_MATCH = YES;
				"CODE_SIGN_IDENTITY[sdk=iphoneos*]" = "iPhone Developer";
				COPY_PHASE_STRIP = NO;
				ENABLE_STRICT_OBJC_MSGSEND = YES;
				GCC_C_LANGUAGE_STANDARD = gnu99;
				GCC_DYNAMIC_NO_PIC = NO;
				GCC_OPTIMIZATION_LEVEL = 0;
				GCC_PREPROCESSOR_DEFINITIONS = (
					"DEBUG=1",
					"$(inherited)",
				);
				GCC_SYMBOLS_PRIVATE_EXTERN = NO;
				GCC_WARN_64_TO_32_BIT_CONVERSION = YES;
				GCC_WARN_ABOUT_RETURN_TYPE = YES_ERROR;
				GCC_WARN_UNDECLARED_SELECTOR = YES;
				GCC_WARN_UNINITIALIZED_AUTOS = YES_AGGRESSIVE;
				GCC_WARN_UNUSED_FUNCTION = YES;
				GCC_WARN_UNUSED_VARIABLE = YES;
				IPHONEOS_DEPLOYMENT_TARGET = 8.1;
				MTL_ENABLE_DEBUG_INFO = YES;
				ONLY_ACTIVE_ARCH = YES;
				SDKROOT = iphoneos;
				TARGETED_DEVICE_FAMILY = "1,2";
			};
			name = Debug;
		};
		E320B84C1AF89DB400C38F18 /* Release */ = {
			isa = XCBuildConfiguration;
			buildSettings = {
				ALWAYS_SEARCH_USER_PATHS = NO;
				CLANG_CXX_LANGUAGE_STANDARD = "gnu++0x";
				CLANG_CXX_LIBRARY = "libc++";
				CLANG_ENABLE_MODULES = YES;
				CLANG_ENABLE_OBJC_ARC = YES;
				CLANG_WARN_BOOL_CONVERSION = YES;
				CLANG_WARN_CONSTANT_CONVERSION = YES;
				CLANG_WARN_DIRECT_OBJC_ISA_USAGE = YES_ERROR;
				CLANG_WARN_EMPTY_BODY = YES;
				CLANG_WARN_ENUM_CONVERSION = YES;
				CLANG_WARN_INT_CONVERSION = YES;
				CLANG_WARN_OBJC_ROOT_CLASS = YES_ERROR;
				CLANG_WARN_UNREACHABLE_CODE = YES;
				CLANG_WARN__DUPLICATE_METHOD_MATCH = YES;
				"CODE_SIGN_IDENTITY[sdk=iphoneos*]" = "iPhone Developer";
				COPY_PHASE_STRIP = YES;
				ENABLE_NS_ASSERTIONS = NO;
				ENABLE_STRICT_OBJC_MSGSEND = YES;
				GCC_C_LANGUAGE_STANDARD = gnu99;
				GCC_WARN_64_TO_32_BIT_CONVERSION = YES;
				GCC_WARN_ABOUT_RETURN_TYPE = YES_ERROR;
				GCC_WARN_UNDECLARED_SELECTOR = YES;
				GCC_WARN_UNINITIALIZED_AUTOS = YES_AGGRESSIVE;
				GCC_WARN_UNUSED_FUNCTION = YES;
				GCC_WARN_UNUSED_VARIABLE = YES;
				IPHONEOS_DEPLOYMENT_TARGET = 8.1;
				MTL_ENABLE_DEBUG_INFO = NO;
				SDKROOT = iphoneos;
				TARGETED_DEVICE_FAMILY = "1,2";
				VALIDATE_PRODUCT = YES;
			};
			name = Release;
		};
		E320B84E1AF89DB400C38F18 /* Debug */ = {
			isa = XCBuildConfiguration;
			buildSettings = {
				ASSETCATALOG_COMPILER_APPICON_NAME = AppIcon;
				INFOPLIST_FILE = FirstRepoDemo/Info.plist;
				LD_RUNPATH_SEARCH_PATHS = "$(inherited) @executable_path/Frameworks";
				PRODUCT_NAME = "$(TARGET_NAME)";
			};
			name = Debug;
		};
		E320B84F1AF89DB400C38F18 /* Release */ = {
			isa = XCBuildConfiguration;
			buildSettings = {
				ASSETCATALOG_COMPILER_APPICON_NAME = AppIcon;
				INFOPLIST_FILE = FirstRepoDemo/Info.plist;
				LD_RUNPATH_SEARCH_PATHS = "$(inherited) @executable_path/Frameworks";
				PRODUCT_NAME = "$(TARGET_NAME)";
			};
			name = Release;
		};
		E320B8511AF89DB400C38F18 /* Debug */ = {
			isa = XCBuildConfiguration;
			buildSettings = {
				BUNDLE_LOADER = "$(TEST_HOST)";
				FRAMEWORK_SEARCH_PATHS = (
					"$(SDKROOT)/Developer/Library/Frameworks",
					"$(inherited)",
				);
				GCC_PREPROCESSOR_DEFINITIONS = (
					"DEBUG=1",
					"$(inherited)",
				);
				INFOPLIST_FILE = FirstRepoDemoTests/Info.plist;
				LD_RUNPATH_SEARCH_PATHS = "$(inherited) @executable_path/Frameworks @loader_path/Frameworks";
				PRODUCT_NAME = "$(TARGET_NAME)";
				TEST_HOST = "$(BUILT_PRODUCTS_DIR)/FirstRepoDemo.app/FirstRepoDemo";
			};
			name = Debug;
		};
		E320B8521AF89DB400C38F18 /* Release */ = {
			isa = XCBuildConfiguration;
			buildSettings = {
				BUNDLE_LOADER = "$(TEST_HOST)";
				FRAMEWORK_SEARCH_PATHS = (
					"$(SDKROOT)/Developer/Library/Frameworks",
					"$(inherited)",
				);
				INFOPLIST_FILE = FirstRepoDemoTests/Info.plist;
				LD_RUNPATH_SEARCH_PATHS = "$(inherited) @executable_path/Frameworks @loader_path/Frameworks";
				PRODUCT_NAME = "$(TARGET_NAME)";
				TEST_HOST = "$(BUILT_PRODUCTS_DIR)/FirstRepoDemo.app/FirstRepoDemo";
			};
			name = Release;
		};
/* End XCBuildConfiguration section */

/* Begin XCConfigurationList section */
		E320B8251AF89DB400C38F18 /* Build configuration list for PBXProject "FirstRepoDemo" */ = {
			isa = XCConfigurationList;
			buildConfigurations = (
				E320B84B1AF89DB400C38F18 /* Debug */,
				E320B84C1AF89DB400C38F18 /* Release */,
			);
			defaultConfigurationIsVisible = 0;
			defaultConfigurationName = Release;
		};
		E320B84D1AF89DB400C38F18 /* Build configuration list for PBXNativeTarget "FirstRepoDemo" */ = {
			isa = XCConfigurationList;
			buildConfigurations = (
				E320B84E1AF89DB400C38F18 /* Debug */,
				E320B84F1AF89DB400C38F18 /* Release */,
			);
			defaultConfigurationIsVisible = 0;
		};
		E320B8501AF89DB400C38F18 /* Build configuration list for PBXNativeTarget "FirstRepoDemoTests" */ = {
			isa = XCConfigurationList;
			buildConfigurations = (
				E320B8511AF89DB400C38F18 /* Debug */,
				E320B8521AF89DB400C38F18 /* Release */,
			);
			defaultConfigurationIsVisible = 0;
		};
/* End XCConfigurationList section */
	};
	rootObject = E320B8221AF89DB400C38F18 /* Project object */;
}
